
Microsoft Visual Studio Solution File, Format Version 12.00
# Visual Studio 15
VisualStudioVersion = 15.0.28307.421
MinimumVisualStudioVersion = 10.0.40219.1
Project("{2150E333-8FDC-42A3-9474-1A3956D46DE8}") = "2016", "2016", "{D860AD8F-53D2-4DE0-B555-4E3DA3264E8B}"
EndProject
Project("{2150E333-8FDC-42A3-9474-1A3956D46DE8}") = "2017", "2017", "{F670CA58-ACB9-4845-A531-9F86160D3C48}"
EndProject
Project("{2150E333-8FDC-42A3-9474-1A3956D46DE8}") = "2018", "2018", "{0873AD9F-44DF-4D4D-82FB-27038843B966}"
EndProject
Project("{FAE04EC0-301F-11D3-BF4B-00C04F79EFBC}") = "AdventOfCode2016", "2016\AdventOfCode2016\AdventOfCode2016.csproj", "{B4C461D2-FD53-4198-AB73-A43C4B32A53F}"
EndProject
Project("{9A19103F-16F7-4668-BE54-9A1E7A4F7556}") = "AdventOfCode2017", "2017\AdventOfCode2017\AdventOfCode2017.csproj", "{B1ACECC6-B27D-435B-8F1F-A8D8DF5DD195}"
EndProject
Project("{9A19103F-16F7-4668-BE54-9A1E7A4F7556}") = "AdventOfCode2017.Test", "2017\AdventOfCode2017.Test\AdventOfCode2017.Test.csproj", "{6F0A5191-C51B-4B96-A266-F908208266BC}"
EndProject
Project("{9A19103F-16F7-4668-BE54-9A1E7A4F7556}") = "AdventOfCode", "2018\AdventOfCode\AdventOfCode.csproj", "{A1893604-230E-407C-AC9F-4FCFB804DE97}"
EndProject
Project("{9A19103F-16F7-4668-BE54-9A1E7A4F7556}") = "AdventOfCode.CSharp", "2018\AdventOfCode.CSharp\AdventOfCode.CSharp.csproj", "{CC965A10-6E56-4FDD-9E76-337FA364712B}"
EndProject
Project("{6EC3EE1D-3C4E-46DD-8F32-0CC8E7565705}") = "AdventOfCode.FSharp", "2018\AdventOfCode.FSharp\AdventOfCode.FSharp.fsproj", "{7FE6EF58-F3C9-4F70-84EB-8F203BA90ACE}"
EndProject
Project("{9A19103F-16F7-4668-BE54-9A1E7A4F7556}") = "AdventOfCode.Runner", "2018\AdventOfCode.Runner\AdventOfCode.Runner.csproj", "{AD4681A7-2C5D-4068-9F47-AB1218A90916}"
EndProject
Project("{9A19103F-16F7-4668-BE54-9A1E7A4F7556}") = "AdventOfCode.Tests", "2018\AdventOfCode.Tests\AdventOfCode.Tests.csproj", "{DA17FF00-6855-4B04-9CBB-557A0FFBDD2E}"
EndProject
Global
	GlobalSection(SolutionConfigurationPlatforms) = preSolution
		Debug|Any CPU = Debug|Any CPU
		Release|Any CPU = Release|Any CPU
	EndGlobalSection
	GlobalSection(ProjectConfigurationPlatforms) = postSolution
		{B4C461D2-FD53-4198-AB73-A43C4B32A53F}.Debug|Any CPU.ActiveCfg = Debug|Any CPU
		{B4C461D2-FD53-4198-AB73-A43C4B32A53F}.Debug|Any CPU.Build.0 = Debug|Any CPU
		{B4C461D2-FD53-4198-AB73-A43C4B32A53F}.Release|Any CPU.ActiveCfg = Release|Any CPU
		{B4C461D2-FD53-4198-AB73-A43C4B32A53F}.Release|Any CPU.Build.0 = Release|Any CPU
		{B1ACECC6-B27D-435B-8F1F-A8D8DF5DD195}.Debug|Any CPU.ActiveCfg = Debug|Any CPU
		{B1ACECC6-B27D-435B-8F1F-A8D8DF5DD195}.Debug|Any CPU.Build.0 = Debug|Any CPU
		{B1ACECC6-B27D-435B-8F1F-A8D8DF5DD195}.Release|Any CPU.ActiveCfg = Release|Any CPU
		{B1ACECC6-B27D-435B-8F1F-A8D8DF5DD195}.Release|Any CPU.Build.0 = Release|Any CPU
		{6F0A5191-C51B-4B96-A266-F908208266BC}.Debug|Any CPU.ActiveCfg = Debug|Any CPU
		{6F0A5191-C51B-4B96-A266-F908208266BC}.Debug|Any CPU.Build.0 = Debug|Any CPU
		{6F0A5191-C51B-4B96-A266-F908208266BC}.Release|Any CPU.ActiveCfg = Release|Any CPU
		{6F0A5191-C51B-4B96-A266-F908208266BC}.Release|Any CPU.Build.0 = Release|Any CPU
		{A1893604-230E-407C-AC9F-4FCFB804DE97}.Debug|Any CPU.ActiveCfg = Debug|Any CPU
		{A1893604-230E-407C-AC9F-4FCFB804DE97}.Debug|Any CPU.Build.0 = Debug|Any CPU
		{A1893604-230E-407C-AC9F-4FCFB804DE97}.Release|Any CPU.ActiveCfg = Release|Any CPU
		{A1893604-230E-407C-AC9F-4FCFB804DE97}.Release|Any CPU.Build.0 = Release|Any CPU
		{CC965A10-6E56-4FDD-9E76-337FA364712B}.Debug|Any CPU.ActiveCfg = Debug|Any CPU
		{CC965A10-6E56-4FDD-9E76-337FA364712B}.Debug|Any CPU.Build.0 = Debug|Any CPU
		{CC965A10-6E56-4FDD-9E76-337FA364712B}.Release|Any CPU.ActiveCfg = Release|Any CPU
		{CC965A10-6E56-4FDD-9E76-337FA364712B}.Release|Any CPU.Build.0 = Release|Any CPU
		{7FE6EF58-F3C9-4F70-84EB-8F203BA90ACE}.Debug|Any CPU.ActiveCfg = Debug|Any CPU
		{7FE6EF58-F3C9-4F70-84EB-8F203BA90ACE}.Debug|Any CPU.Build.0 = Debug|Any CPU
		{7FE6EF58-F3C9-4F70-84EB-8F203BA90ACE}.Release|Any CPU.ActiveCfg = Release|Any CPU
		{7FE6EF58-F3C9-4F70-84EB-8F203BA90ACE}.Release|Any CPU.Build.0 = Release|Any CPU
		{AD4681A7-2C5D-4068-9F47-AB1218A90916}.Debug|Any CPU.ActiveCfg = Debug|Any CPU
		{AD4681A7-2C5D-4068-9F47-AB1218A90916}.Debug|Any CPU.Build.0 = Debug|Any CPU
		{AD4681A7-2C5D-4068-9F47-AB1218A90916}.Release|Any CPU.ActiveCfg = Release|Any CPU
		{AD4681A7-2C5D-4068-9F47-AB1218A90916}.Release|Any CPU.Build.0 = Release|Any CPU
		{DA17FF00-6855-4B04-9CBB-557A0FFBDD2E}.Debug|Any CPU.ActiveCfg = Debug|Any CPU
		{DA17FF00-6855-4B04-9CBB-557A0FFBDD2E}.Debug|Any CPU.Build.0 = Debug|Any CPU
		{DA17FF00-6855-4B04-9CBB-557A0FFBDD2E}.Release|Any CPU.ActiveCfg = Release|Any CPU
		{DA17FF00-6855-4B04-9CBB-557A0FFBDD2E}.Release|Any CPU.Build.0 = Release|Any CPU
	EndGlobalSection
	GlobalSection(SolutionProperties) = preSolution
		HideSolutionNode = FALSE
	EndGlobalSection
	GlobalSection(NestedProjects) = preSolution
		{B4C461D2-FD53-4198-AB73-A43C4B32A53F} = {D860AD8F-53D2-4DE0-B555-4E3DA3264E8B}
		{B1ACECC6-B27D-435B-8F1F-A8D8DF5DD195} = {F670CA58-ACB9-4845-A531-9F86160D3C48}
		{6F0A5191-C51B-4B96-A266-F908208266BC} = {F670CA58-ACB9-4845-A531-9F86160D3C48}
		{A1893604-230E-407C-AC9F-4FCFB804DE97} = {0873AD9F-44DF-4D4D-82FB-27038843B966}
		{CC965A10-6E56-4FDD-9E76-337FA364712B} = {0873AD9F-44DF-4D4D-82FB-27038843B966}
		{7FE6EF58-F3C9-4F70-84EB-8F203BA90ACE} = {0873AD9F-44DF-4D4D-82FB-27038843B966}
		{AD4681A7-2C5D-4068-9F47-AB1218A90916} = {0873AD9F-44DF-4D4D-82FB-27038843B966}
		{DA17FF00-6855-4B04-9CBB-557A0FFBDD2E} = {0873AD9F-44DF-4D4D-82FB-27038843B966}
	EndGlobalSection
	GlobalSection(ExtensibilityGlobals) = postSolution
		SolutionGuid = {4DAB9E0F-1839-4534-B6A2-18C28E24FCF8}
	EndGlobalSection
	GlobalSection(Performance) = preSolution
		HasPerformanceSessions = true
	EndGlobalSection
EndGlobal
